
Microsoft Visual Studio Solution File, Format Version 12.00
# Visual Studio 2012
VisualStudioVersion = 12.0.31101.0
MinimumVisualStudioVersion = 10.0.40219.1
Project("{2150E333-8FDC-42A3-9474-1A3956D46DE8}") = ".nuget", ".nuget", "{12F736A3-DDCE-43C9-B23C-95A0449525E2}"
	ProjectSection(SolutionItems) = preProject
		.nuget\NuGet.Config = .nuget\NuGet.Config
		.nuget\NuGet.exe = .nuget\NuGet.exe
		.nuget\NuGet.targets = .nuget\NuGet.targets
	EndProjectSection
EndProject
Project("{FAE04EC0-301F-11D3-BF4B-00C04F79EFBC}") = "Quickpay", "QuickPay\Quickpay.csproj", "{D077704F-3E9F-4BA2-85E1-A8C27D303B93}"
EndProject
Project("{FAE04EC0-301F-11D3-BF4B-00C04F79EFBC}") = "QuickPay.IntegrationTests", "QuickPay.IntegrationTests\QuickPay.IntegrationTests.csproj", "{E5F7F505-1EFE-46C3-8CBA-8F34F8D7DBFF}"
EndProject
Global
	GlobalSection(SolutionConfigurationPlatforms) = preSolution
		Debug|Any CPU = Debug|Any CPU
		Release|Any CPU = Release|Any CPU
	EndGlobalSection
	GlobalSection(ProjectConfigurationPlatforms) = postSolution
		{D077704F-3E9F-4BA2-85E1-A8C27D303B93}.Debug|Any CPU.ActiveCfg = Debug|Any CPU
		{D077704F-3E9F-4BA2-85E1-A8C27D303B93}.Debug|Any CPU.Build.0 = Debug|Any CPU
		{D077704F-3E9F-4BA2-85E1-A8C27D303B93}.Release|Any CPU.ActiveCfg = Release|Any CPU
		{D077704F-3E9F-4BA2-85E1-A8C27D303B93}.Release|Any CPU.Build.0 = Release|Any CPU
		{E5F7F505-1EFE-46C3-8CBA-8F34F8D7DBFF}.Debug|Any CPU.ActiveCfg = Debug|Any CPU
		{E5F7F505-1EFE-46C3-8CBA-8F34F8D7DBFF}.Debug|Any CPU.Build.0 = Debug|Any CPU
		{E5F7F505-1EFE-46C3-8CBA-8F34F8D7DBFF}.Release|Any CPU.ActiveCfg = Release|Any CPU
		{E5F7F505-1EFE-46C3-8CBA-8F34F8D7DBFF}.Release|Any CPU.Build.0 = Release|Any CPU
	EndGlobalSection
	GlobalSection(NestedProjects) = preSolution
	EndGlobalSection
	GlobalSection(SolutionProperties) = preSolution
		HideSolutionNode = FALSE
	EndGlobalSection
EndGlobal
